
Microsoft Visual Studio Solution File, Format Version 12.00
# Visual Studio Version 17
VisualStudioVersion = 17.14.36202.13 d17.14
MinimumVisualStudioVersion = 10.0.40219.1
Project("{FAE04EC0-301F-11D3-BF4B-00C04F79EFBC}") = "LoLEsportsHub", "LoLEsportsHub\LoLEsportsHub.csproj", "{CF6DF40F-CF5C-4D71-B77D-304B75A54606}"
EndProject
Project("{2150E333-8FDC-42A3-9474-1A3956D46DE8}") = "Data", "Data", "{02EA681E-C7D8-13C7-8484-4AC65E1B71E8}"
EndProject
Project("{2150E333-8FDC-42A3-9474-1A3956D46DE8}") = "Services", "Services", "{01AA9629-C542-4D83-B8CE-06A9A9FE708F}"
EndProject
Project("{2150E333-8FDC-42A3-9474-1A3956D46DE8}") = "Tests", "Tests", "{CC96BC0A-5DEB-4B43-947E-2D8D2CD75FCD}"
EndProject
Project("{2150E333-8FDC-42A3-9474-1A3956D46DE8}") = "Web", "Web", "{4E042B13-C167-4F0A-A887-31E5B1849C89}"
EndProject
Project("{FAE04EC0-301F-11D3-BF4B-00C04F79EFBC}") = "LoLEsportsHub.GCommon", "LoLEsportsHub.GCommon\LoLEsportsHub.GCommon.csproj", "{85C5DBE4-F75F-4A4C-A970-FCD1BFEF58D7}"
EndProject
Project("{FAE04EC0-301F-11D3-BF4B-00C04F79EFBC}") = "LoLEsportsHub.Data", "LoLEsportsHub.Data\LoLEsportsHub.Data.csproj", "{E5678B26-021D-4F9E-BE84-69E436BF883B}"
EndProject
Project("{FAE04EC0-301F-11D3-BF4B-00C04F79EFBC}") = "LoLEsportsHub.Data.Common", "LoLEsportsHub.Data.Common\LoLEsportsHub.Data.Common.csproj", "{11C9D47F-403F-4837-A255-9534096C2350}"
EndProject
Project("{FAE04EC0-301F-11D3-BF4B-00C04F79EFBC}") = "LoLEsportsHub.Data.Models", "LoLEsportsHub.Data.Models\LoLEsportsHub.Data.Models.csproj", "{68C67515-353C-4B80-86D5-9777473AB1F8}"
EndProject
Project("{FAE04EC0-301F-11D3-BF4B-00C04F79EFBC}") = "LoLEsportsHub.Common", "LoLEsportsHub.Common\LoLEsportsHub.Common.csproj", "{222CE0AB-4C2F-443F-8442-BC987BF08DEB}"
EndProject
Project("{FAE04EC0-301F-11D3-BF4B-00C04F79EFBC}") = "LoLEsportsHub.Services.Core", "LoLEsportsHub.Services.Core\LoLEsportsHub.Services.Core.csproj", "{3DA6A546-4D6E-4B16-9133-E09C290B290E}"
EndProject
Project("{FAE04EC0-301F-11D3-BF4B-00C04F79EFBC}") = "LoLEsportsHub.Web.Infrastructure", "LoLEsportsHub.Web.Infrastructure\LoLEsportsHub.Web.Infrastructure.csproj", "{8826C0C9-7539-450A-A84D-2767EB492850}"
EndProject
Project("{FAE04EC0-301F-11D3-BF4B-00C04F79EFBC}") = "LoLEsportsHub.Web.ViewModels", "LoLEsportsHub.Web.ViewModels\LoLEsportsHub.Web.ViewModels.csproj", "{0E4629C2-AA91-4A2D-A51F-CCD00FF680FA}"
EndProject
Global
	GlobalSection(SolutionConfigurationPlatforms) = preSolution
		Debug|Any CPU = Debug|Any CPU
		Release|Any CPU = Release|Any CPU
	EndGlobalSection
	GlobalSection(ProjectConfigurationPlatforms) = postSolution
		{CF6DF40F-CF5C-4D71-B77D-304B75A54606}.Debug|Any CPU.ActiveCfg = Debug|Any CPU
		{CF6DF40F-CF5C-4D71-B77D-304B75A54606}.Debug|Any CPU.Build.0 = Debug|Any CPU
		{CF6DF40F-CF5C-4D71-B77D-304B75A54606}.Release|Any CPU.ActiveCfg = Release|Any CPU
		{CF6DF40F-CF5C-4D71-B77D-304B75A54606}.Release|Any CPU.Build.0 = Release|Any CPU
		{85C5DBE4-F75F-4A4C-A970-FCD1BFEF58D7}.Debug|Any CPU.ActiveCfg = Debug|Any CPU
		{85C5DBE4-F75F-4A4C-A970-FCD1BFEF58D7}.Debug|Any CPU.Build.0 = Debug|Any CPU
		{85C5DBE4-F75F-4A4C-A970-FCD1BFEF58D7}.Release|Any CPU.ActiveCfg = Release|Any CPU
		{85C5DBE4-F75F-4A4C-A970-FCD1BFEF58D7}.Release|Any CPU.Build.0 = Release|Any CPU
		{E5678B26-021D-4F9E-BE84-69E436BF883B}.Debug|Any CPU.ActiveCfg = Debug|Any CPU
		{E5678B26-021D-4F9E-BE84-69E436BF883B}.Debug|Any CPU.Build.0 = Debug|Any CPU
		{E5678B26-021D-4F9E-BE84-69E436BF883B}.Release|Any CPU.ActiveCfg = Release|Any CPU
		{E5678B26-021D-4F9E-BE84-69E436BF883B}.Release|Any CPU.Build.0 = Release|Any CPU
		{11C9D47F-403F-4837-A255-9534096C2350}.Debug|Any CPU.ActiveCfg = Debug|Any CPU
		{11C9D47F-403F-4837-A255-9534096C2350}.Debug|Any CPU.Build.0 = Debug|Any CPU
		{11C9D47F-403F-4837-A255-9534096C2350}.Release|Any CPU.ActiveCfg = Release|Any CPU
		{11C9D47F-403F-4837-A255-9534096C2350}.Release|Any CPU.Build.0 = Release|Any CPU
		{68C67515-353C-4B80-86D5-9777473AB1F8}.Debug|Any CPU.ActiveCfg = Debug|Any CPU
		{68C67515-353C-4B80-86D5-9777473AB1F8}.Debug|Any CPU.Build.0 = Debug|Any CPU
		{68C67515-353C-4B80-86D5-9777473AB1F8}.Release|Any CPU.ActiveCfg = Release|Any CPU
		{68C67515-353C-4B80-86D5-9777473AB1F8}.Release|Any CPU.Build.0 = Release|Any CPU
		{222CE0AB-4C2F-443F-8442-BC987BF08DEB}.Debug|Any CPU.ActiveCfg = Debug|Any CPU
		{222CE0AB-4C2F-443F-8442-BC987BF08DEB}.Debug|Any CPU.Build.0 = Debug|Any CPU
		{222CE0AB-4C2F-443F-8442-BC987BF08DEB}.Release|Any CPU.ActiveCfg = Release|Any CPU
		{222CE0AB-4C2F-443F-8442-BC987BF08DEB}.Release|Any CPU.Build.0 = Release|Any CPU
		{3DA6A546-4D6E-4B16-9133-E09C290B290E}.Debug|Any CPU.ActiveCfg = Debug|Any CPU
		{3DA6A546-4D6E-4B16-9133-E09C290B290E}.Debug|Any CPU.Build.0 = Debug|Any CPU
		{3DA6A546-4D6E-4B16-9133-E09C290B290E}.Release|Any CPU.ActiveCfg = Release|Any CPU
		{3DA6A546-4D6E-4B16-9133-E09C290B290E}.Release|Any CPU.Build.0 = Release|Any CPU
		{8826C0C9-7539-450A-A84D-2767EB492850}.Debug|Any CPU.ActiveCfg = Debug|Any CPU
		{8826C0C9-7539-450A-A84D-2767EB492850}.Debug|Any CPU.Build.0 = Debug|Any CPU
		{8826C0C9-7539-450A-A84D-2767EB492850}.Release|Any CPU.ActiveCfg = Release|Any CPU
		{8826C0C9-7539-450A-A84D-2767EB492850}.Release|Any CPU.Build.0 = Release|Any CPU
		{0E4629C2-AA91-4A2D-A51F-CCD00FF680FA}.Debug|Any CPU.ActiveCfg = Debug|Any CPU
		{0E4629C2-AA91-4A2D-A51F-CCD00FF680FA}.Debug|Any CPU.Build.0 = Debug|Any CPU
		{0E4629C2-AA91-4A2D-A51F-CCD00FF680FA}.Release|Any CPU.ActiveCfg = Release|Any CPU
		{0E4629C2-AA91-4A2D-A51F-CCD00FF680FA}.Release|Any CPU.Build.0 = Release|Any CPU
	EndGlobalSection
	GlobalSection(SolutionProperties) = preSolution
		HideSolutionNode = FALSE
	EndGlobalSection
	GlobalSection(NestedProjects) = preSolution
		{CF6DF40F-CF5C-4D71-B77D-304B75A54606} = {4E042B13-C167-4F0A-A887-31E5B1849C89}
		{E5678B26-021D-4F9E-BE84-69E436BF883B} = {02EA681E-C7D8-13C7-8484-4AC65E1B71E8}
		{11C9D47F-403F-4837-A255-9534096C2350} = {02EA681E-C7D8-13C7-8484-4AC65E1B71E8}
		{68C67515-353C-4B80-86D5-9777473AB1F8} = {02EA681E-C7D8-13C7-8484-4AC65E1B71E8}
		{222CE0AB-4C2F-443F-8442-BC987BF08DEB} = {01AA9629-C542-4D83-B8CE-06A9A9FE708F}
		{3DA6A546-4D6E-4B16-9133-E09C290B290E} = {01AA9629-C542-4D83-B8CE-06A9A9FE708F}
		{8826C0C9-7539-450A-A84D-2767EB492850} = {4E042B13-C167-4F0A-A887-31E5B1849C89}
		{0E4629C2-AA91-4A2D-A51F-CCD00FF680FA} = {4E042B13-C167-4F0A-A887-31E5B1849C89}
	EndGlobalSection
	GlobalSection(ExtensibilityGlobals) = postSolution
		SolutionGuid = {A22196AE-D1BE-45BC-BB5C-277F47E15199}
	EndGlobalSection
EndGlobal
